// !$*UTF8*$!
{
	archiveVersion = 1;
	classes = {
	};
	objectVersion = 56;
	objects = {

/* Begin PBXBuildFile section */
		278746CB2A08E8D1004704BB /* ProtoAppApp.swift in Sources */ = {isa = PBXBuildFile; fileRef = 278746CA2A08E8D1004704BB /* ProtoAppApp.swift */; };
		278746CD2A08E8D1004704BB /* ContentView.swift in Sources */ = {isa = PBXBuildFile; fileRef = 278746CC2A08E8D1004704BB /* ContentView.swift */; };
		278746CF2A08E8D2004704BB /* Assets.xcassets in Resources */ = {isa = PBXBuildFile; fileRef = 278746CE2A08E8D2004704BB /* Assets.xcassets */; };
		278746D22A08E8D2004704BB /* Preview Assets.xcassets in Resources */ = {isa = PBXBuildFile; fileRef = 278746D12A08E8D2004704BB /* Preview Assets.xcassets */; };
		278746DC2A08E8D3004704BB /* ProtoAppTests.swift in Sources */ = {isa = PBXBuildFile; fileRef = 278746DB2A08E8D3004704BB /* ProtoAppTests.swift */; };
		278746E62A08E8D3004704BB /* ProtoAppUITests.swift in Sources */ = {isa = PBXBuildFile; fileRef = 278746E52A08E8D3004704BB /* ProtoAppUITests.swift */; };
		278746E82A08E8D3004704BB /* ProtoAppUITestsLaunchTests.swift in Sources */ = {isa = PBXBuildFile; fileRef = 278746E72A08E8D3004704BB /* ProtoAppUITestsLaunchTests.swift */; };
		278746F62A08EA1F004704BB /* Alamofire in Frameworks */ = {isa = PBXBuildFile; productRef = 278746F52A08EA1F004704BB /* Alamofire */; };
/* End PBXBuildFile section */

/* Begin PBXContainerItemProxy section */
		278746D82A08E8D3004704BB /* PBXContainerItemProxy */ = {
			isa = PBXContainerItemProxy;
			containerPortal = 278746BF2A08E8D1004704BB /* Project object */;
			proxyType = 1;
			remoteGlobalIDString = 278746C62A08E8D1004704BB;
			remoteInfo = ProtoApp;
		};
		278746E22A08E8D3004704BB /* PBXContainerItemProxy */ = {
			isa = PBXContainerItemProxy;
			containerPortal = 278746BF2A08E8D1004704BB /* Project object */;
			proxyType = 1;
			remoteGlobalIDString = 278746C62A08E8D1004704BB;
			remoteInfo = ProtoApp;
		};
/* End PBXContainerItemProxy section */

/* Begin PBXFileReference section */
		278746C72A08E8D1004704BB /* ProtoApp.app */ = {isa = PBXFileReference; explicitFileType = wrapper.application; includeInIndex = 0; path = ProtoApp.app; sourceTree = BUILT_PRODUCTS_DIR; };
		278746CA2A08E8D1004704BB /* ProtoAppApp.swift */ = {isa = PBXFileReference; lastKnownFileType = sourcecode.swift; path = ProtoAppApp.swift; sourceTree = "<group>"; };
		278746CC2A08E8D1004704BB /* ContentView.swift */ = {isa = PBXFileReference; lastKnownFileType = sourcecode.swift; path = ContentView.swift; sourceTree = "<group>"; };
		278746CE2A08E8D2004704BB /* Assets.xcassets */ = {isa = PBXFileReference; lastKnownFileType = folder.assetcatalog; path = Assets.xcassets; sourceTree = "<group>"; };
		278746D12A08E8D2004704BB /* Preview Assets.xcassets */ = {isa = PBXFileReference; lastKnownFileType = folder.assetcatalog; path = "Preview Assets.xcassets"; sourceTree = "<group>"; };
		278746D72A08E8D3004704BB /* ProtoAppTests.xctest */ = {isa = PBXFileReference; explicitFileType = wrapper.cfbundle; includeInIndex = 0; path = ProtoAppTests.xctest; sourceTree = BUILT_PRODUCTS_DIR; };
		278746DB2A08E8D3004704BB /* ProtoAppTests.swift */ = {isa = PBXFileReference; lastKnownFileType = sourcecode.swift; path = ProtoAppTests.swift; sourceTree = "<group>"; };
		278746E12A08E8D3004704BB /* ProtoAppUITests.xctest */ = {isa = PBXFileReference; explicitFileType = wrapper.cfbundle; includeInIndex = 0; path = ProtoAppUITests.xctest; sourceTree = BUILT_PRODUCTS_DIR; };
		278746E52A08E8D3004704BB /* ProtoAppUITests.swift */ = {isa = PBXFileReference; lastKnownFileType = sourcecode.swift; path = ProtoAppUITests.swift; sourceTree = "<group>"; };
		278746E72A08E8D3004704BB /* ProtoAppUITestsLaunchTests.swift */ = {isa = PBXFileReference; lastKnownFileType = sourcecode.swift; path = ProtoAppUITestsLaunchTests.swift; sourceTree = "<group>"; };
/* End PBXFileReference section */

/* Begin PBXFrameworksBuildPhase section */
		278746C42A08E8D1004704BB /* Frameworks */ = {
			isa = PBXFrameworksBuildPhase;
			buildActionMask = 2147483647;
			files = (
				278746F62A08EA1F004704BB /* Alamofire in Frameworks */,
			);
			runOnlyForDeploymentPostprocessing = 0;
		};
		278746D42A08E8D3004704BB /* Frameworks */ = {
			isa = PBXFrameworksBuildPhase;
			buildActionMask = 2147483647;
			files = (
			);
			runOnlyForDeploymentPostprocessing = 0;
		};
		278746DE2A08E8D3004704BB /* Frameworks */ = {
			isa = PBXFrameworksBuildPhase;
			buildActionMask = 2147483647;
			files = (
			);
			runOnlyForDeploymentPostprocessing = 0;
		};
/* End PBXFrameworksBuildPhase section */

/* Begin PBXGroup section */
		278746BE2A08E8D1004704BB = {
			isa = PBXGroup;
			children = (
				278746C92A08E8D1004704BB /* ProtoApp */,
				278746DA2A08E8D3004704BB /* ProtoAppTests */,
				278746E42A08E8D3004704BB /* ProtoAppUITests */,
				278746C82A08E8D1004704BB /* Products */,
			);
			sourceTree = "<group>";
		};
		278746C82A08E8D1004704BB /* Products */ = {
			isa = PBXGroup;
			children = (
				278746C72A08E8D1004704BB /* ProtoApp.app */,
				278746D72A08E8D3004704BB /* ProtoAppTests.xctest */,
				278746E12A08E8D3004704BB /* ProtoAppUITests.xctest */,
			);
			name = Products;
			sourceTree = "<group>";
		};
		278746C92A08E8D1004704BB /* ProtoApp */ = {
			isa = PBXGroup;
			children = (
				278746CA2A08E8D1004704BB /* ProtoAppApp.swift */,
				278746CC2A08E8D1004704BB /* ContentView.swift */,
				278746CE2A08E8D2004704BB /* Assets.xcassets */,
				278746D02A08E8D2004704BB /* Preview Content */,
			);
			path = ProtoApp;
			sourceTree = "<group>";
		};
		278746D02A08E8D2004704BB /* Preview Content */ = {
			isa = PBXGroup;
			children = (
				278746D12A08E8D2004704BB /* Preview Assets.xcassets */,
			);
			path = "Preview Content";
			sourceTree = "<group>";
		};
		278746DA2A08E8D3004704BB /* ProtoAppTests */ = {
			isa = PBXGroup;
			children = (
				278746DB2A08E8D3004704BB /* ProtoAppTests.swift */,
			);
			path = ProtoAppTests;
			sourceTree = "<group>";
		};
		278746E42A08E8D3004704BB /* ProtoAppUITests */ = {
			isa = PBXGroup;
			children = (
				278746E52A08E8D3004704BB /* ProtoAppUITests.swift */,
				278746E72A08E8D3004704BB /* ProtoAppUITestsLaunchTests.swift */,
			);
			path = ProtoAppUITests;
			sourceTree = "<group>";
		};
/* End PBXGroup section */

/* Begin PBXNativeTarget section */
		278746C62A08E8D1004704BB /* ProtoApp */ = {
			isa = PBXNativeTarget;
			buildConfigurationList = 278746EB2A08E8D3004704BB /* Build configuration list for PBXNativeTarget "ProtoApp" */;
			buildPhases = (
				278746C32A08E8D1004704BB /* Sources */,
				278746C42A08E8D1004704BB /* Frameworks */,
				278746C52A08E8D1004704BB /* Resources */,
			);
			buildRules = (
			);
			dependencies = (
			);
			name = ProtoApp;
			packageProductDependencies = (
				278746F52A08EA1F004704BB /* Alamofire */,
			);
			productName = ProtoApp;
			productReference = 278746C72A08E8D1004704BB /* ProtoApp.app */;
			productType = "com.apple.product-type.application";
		};
		278746D62A08E8D3004704BB /* ProtoAppTests */ = {
			isa = PBXNativeTarget;
			buildConfigurationList = 278746EE2A08E8D3004704BB /* Build configuration list for PBXNativeTarget "ProtoAppTests" */;
			buildPhases = (
				278746D32A08E8D3004704BB /* Sources */,
				278746D42A08E8D3004704BB /* Frameworks */,
				278746D52A08E8D3004704BB /* Resources */,
			);
			buildRules = (
			);
			dependencies = (
				278746D92A08E8D3004704BB /* PBXTargetDependency */,
			);
			name = ProtoAppTests;
			productName = ProtoAppTests;
			productReference = 278746D72A08E8D3004704BB /* ProtoAppTests.xctest */;
			productType = "com.apple.product-type.bundle.unit-test";
		};
		278746E02A08E8D3004704BB /* ProtoAppUITests */ = {
			isa = PBXNativeTarget;
			buildConfigurationList = 278746F12A08E8D3004704BB /* Build configuration list for PBXNativeTarget "ProtoAppUITests" */;
			buildPhases = (
				278746DD2A08E8D3004704BB /* Sources */,
				278746DE2A08E8D3004704BB /* Frameworks */,
				278746DF2A08E8D3004704BB /* Resources */,
			);
			buildRules = (
			);
			dependencies = (
				278746E32A08E8D3004704BB /* PBXTargetDependency */,
			);
			name = ProtoAppUITests;
			productName = ProtoAppUITests;
			productReference = 278746E12A08E8D3004704BB /* ProtoAppUITests.xctest */;
			productType = "com.apple.product-type.bundle.ui-testing";
		};
/* End PBXNativeTarget section */

/* Begin PBXProject section */
		278746BF2A08E8D1004704BB /* Project object */ = {
			isa = PBXProject;
			attributes = {
				BuildIndependentTargetsInParallel = 1;
				LastSwiftUpdateCheck = 1410;
				LastUpgradeCheck = 1410;
				TargetAttributes = {
					278746C62A08E8D1004704BB = {
						CreatedOnToolsVersion = 14.1;
					};
					278746D62A08E8D3004704BB = {
						CreatedOnToolsVersion = 14.1;
						TestTargetID = 278746C62A08E8D1004704BB;
					};
					278746E02A08E8D3004704BB = {
						CreatedOnToolsVersion = 14.1;
						TestTargetID = 278746C62A08E8D1004704BB;
					};
				};
			};
			buildConfigurationList = 278746C22A08E8D1004704BB /* Build configuration list for PBXProject "ProtoApp" */;
			compatibilityVersion = "Xcode 14.0";
			developmentRegion = en;
			hasScannedForEncodings = 0;
			knownRegions = (
				en,
				Base,
			);
			mainGroup = 278746BE2A08E8D1004704BB;
			packageReferences = (
				278746F42A08EA1F004704BB /* XCRemoteSwiftPackageReference "Alamofire" */,
			);
			productRefGroup = 278746C82A08E8D1004704BB /* Products */;
			projectDirPath = "";
			projectRoot = "";
			targets = (
				278746C62A08E8D1004704BB /* ProtoApp */,
				278746D62A08E8D3004704BB /* ProtoAppTests */,
				278746E02A08E8D3004704BB /* ProtoAppUITests */,
			);
		};
/* End PBXProject section */

/* Begin PBXResourcesBuildPhase section */
		278746C52A08E8D1004704BB /* Resources */ = {
			isa = PBXResourcesBuildPhase;
			buildActionMask = 2147483647;
			files = (
				278746D22A08E8D2004704BB /* Preview Assets.xcassets in Resources */,
				278746CF2A08E8D2004704BB /* Assets.xcassets in Resources */,
			);
			runOnlyForDeploymentPostprocessing = 0;
		};
		278746D52A08E8D3004704BB /* Resources */ = {
			isa = PBXResourcesBuildPhase;
			buildActionMask = 2147483647;
			files = (
			);
			runOnlyForDeploymentPostprocessing = 0;
		};
		278746DF2A08E8D3004704BB /* Resources */ = {
			isa = PBXResourcesBuildPhase;
			buildActionMask = 2147483647;
			files = (
			);
			runOnlyForDeploymentPostprocessing = 0;
		};
/* End PBXResourcesBuildPhase section */

/* Begin PBXSourcesBuildPhase section */
		278746C32A08E8D1004704BB /* Sources */ = {
			isa = PBXSourcesBuildPhase;
			buildActionMask = 2147483647;
			files = (
				278746CD2A08E8D1004704BB /* ContentView.swift in Sources */,
				278746CB2A08E8D1004704BB /* ProtoAppApp.swift in Sources */,
			);
			runOnlyForDeploymentPostprocessing = 0;
		};
		278746D32A08E8D3004704BB /* Sources */ = {
			isa = PBXSourcesBuildPhase;
			buildActionMask = 2147483647;
			files = (
				278746DC2A08E8D3004704BB /* ProtoAppTests.swift in Sources */,
			);
			runOnlyForDeploymentPostprocessing = 0;
		};
		278746DD2A08E8D3004704BB /* Sources */ = {
			isa = PBXSourcesBuildPhase;
			buildActionMask = 2147483647;
			files = (
				278746E82A08E8D3004704BB /* ProtoAppUITestsLaunchTests.swift in Sources */,
				278746E62A08E8D3004704BB /* ProtoAppUITests.swift in Sources */,
			);
			runOnlyForDeploymentPostprocessing = 0;
		};
/* End PBXSourcesBuildPhase section */

/* Begin PBXTargetDependency section */
		278746D92A08E8D3004704BB /* PBXTargetDependency */ = {
			isa = PBXTargetDependency;
			target = 278746C62A08E8D1004704BB /* ProtoApp */;
			targetProxy = 278746D82A08E8D3004704BB /* PBXContainerItemProxy */;
		};
		278746E32A08E8D3004704BB /* PBXTargetDependency */ = {
			isa = PBXTargetDependency;
			target = 278746C62A08E8D1004704BB /* ProtoApp */;
			targetProxy = 278746E22A08E8D3004704BB /* PBXContainerItemProxy */;
		};
/* End PBXTargetDependency section */

/* Begin XCBuildConfiguration section */
		278746E92A08E8D3004704BB /* Debug */ = {
			isa = XCBuildConfiguration;
			buildSettings = {
				ALWAYS_SEARCH_USER_PATHS = NO;
				CLANG_ANALYZER_NONNULL = YES;
				CLANG_ANALYZER_NUMBER_OBJECT_CONVERSION = YES_AGGRESSIVE;
				CLANG_CXX_LANGUAGE_STANDARD = "gnu++20";
				CLANG_ENABLE_MODULES = YES;
				CLANG_ENABLE_OBJC_ARC = YES;
				CLANG_ENABLE_OBJC_WEAK = YES;
				CLANG_WARN_BLOCK_CAPTURE_AUTORELEASING = YES;
				CLANG_WARN_BOOL_CONVERSION = YES;
				CLANG_WARN_COMMA = YES;
				CLANG_WARN_CONSTANT_CONVERSION = YES;
				CLANG_WARN_DEPRECATED_OBJC_IMPLEMENTATIONS = YES;
				CLANG_WARN_DIRECT_OBJC_ISA_USAGE = YES_ERROR;
				CLANG_WARN_DOCUMENTATION_COMMENTS = YES;
				CLANG_WARN_EMPTY_BODY = YES;
				CLANG_WARN_ENUM_CONVERSION = YES;
				CLANG_WARN_INFINITE_RECURSION = YES;
				CLANG_WARN_INT_CONVERSION = YES;
				CLANG_WARN_NON_LITERAL_NULL_CONVERSION = YES;
				CLANG_WARN_OBJC_IMPLICIT_RETAIN_SELF = YES;
				CLANG_WARN_OBJC_LITERAL_CONVERSION = YES;
				CLANG_WARN_OBJC_ROOT_CLASS = YES_ERROR;
				CLANG_WARN_QUOTED_INCLUDE_IN_FRAMEWORK_HEADER = YES;
				CLANG_WARN_RANGE_LOOP_ANALYSIS = YES;
				CLANG_WARN_STRICT_PROTOTYPES = YES;
				CLANG_WARN_SUSPICIOUS_MOVE = YES;
				CLANG_WARN_UNGUARDED_AVAILABILITY = YES_AGGRESSIVE;
				CLANG_WARN_UNREACHABLE_CODE = YES;
				CLANG_WARN__DUPLICATE_METHOD_MATCH = YES;
				COPY_PHASE_STRIP = NO;
				DEBUG_INFORMATION_FORMAT = dwarf;
				ENABLE_STRICT_OBJC_MSGSEND = YES;
				ENABLE_TESTABILITY = YES;
				GCC_C_LANGUAGE_STANDARD = gnu11;
				GCC_DYNAMIC_NO_PIC = NO;
				GCC_NO_COMMON_BLOCKS = YES;
				GCC_OPTIMIZATION_LEVEL = 0;
				GCC_PREPROCESSOR_DEFINITIONS = (
					"DEBUG=1",
					"$(inherited)",
				);
				GCC_WARN_64_TO_32_BIT_CONVERSION = YES;
				GCC_WARN_ABOUT_RETURN_TYPE = YES_ERROR;
				GCC_WARN_UNDECLARED_SELECTOR = YES;
				GCC_WARN_UNINITIALIZED_AUTOS = YES_AGGRESSIVE;
				GCC_WARN_UNUSED_FUNCTION = YES;
				GCC_WARN_UNUSED_VARIABLE = YES;
				IPHONEOS_DEPLOYMENT_TARGET = 16.1;
				MTL_ENABLE_DEBUG_INFO = INCLUDE_SOURCE;
				MTL_FAST_MATH = YES;
				ONLY_ACTIVE_ARCH = YES;
				SDKROOT = iphoneos;
				SWIFT_ACTIVE_COMPILATION_CONDITIONS = DEBUG;
				SWIFT_OPTIMIZATION_LEVEL = "-Onone";
			};
			name = Debug;
		};
		278746EA2A08E8D3004704BB /* Release */ = {
			isa = XCBuildConfiguration;
			buildSettings = {
				ALWAYS_SEARCH_USER_PATHS = NO;
				CLANG_ANALYZER_NONNULL = YES;
				CLANG_ANALYZER_NUMBER_OBJECT_CONVERSION = YES_AGGRESSIVE;
				CLANG_CXX_LANGUAGE_STANDARD = "gnu++20";
				CLANG_ENABLE_MODULES = YES;
				CLANG_ENABLE_OBJC_ARC = YES;
				CLANG_ENABLE_OBJC_WEAK = YES;
				CLANG_WARN_BLOCK_CAPTURE_AUTORELEASING = YES;
				CLANG_WARN_BOOL_CONVERSION = YES;
				CLANG_WARN_COMMA = YES;
				CLANG_WARN_CONSTANT_CONVERSION = YES;
				CLANG_WARN_DEPRECATED_OBJC_IMPLEMENTATIONS = YES;
				CLANG_WARN_DIRECT_OBJC_ISA_USAGE = YES_ERROR;
				CLANG_WARN_DOCUMENTATION_COMMENTS = YES;
				CLANG_WARN_EMPTY_BODY = YES;
				CLANG_WARN_ENUM_CONVERSION = YES;
				CLANG_WARN_INFINITE_RECURSION = YES;
				CLANG_WARN_INT_CONVERSION = YES;
				CLANG_WARN_NON_LITERAL_NULL_CONVERSION = YES;
				CLANG_WARN_OBJC_IMPLICIT_RETAIN_SELF = YES;
				CLANG_WARN_OBJC_LITERAL_CONVERSION = YES;
				CLANG_WARN_OBJC_ROOT_CLASS = YES_ERROR;
				CLANG_WARN_QUOTED_INCLUDE_IN_FRAMEWORK_HEADER = YES;
				CLANG_WARN_RANGE_LOOP_ANALYSIS = YES;
				CLANG_WARN_STRICT_PROTOTYPES = YES;
				CLANG_WARN_SUSPICIOUS_MOVE = YES;
				CLANG_WARN_UNGUARDED_AVAILABILITY = YES_AGGRESSIVE;
				CLANG_WARN_UNREACHABLE_CODE = YES;
				CLANG_WARN__DUPLICATE_METHOD_MATCH = YES;
				COPY_PHASE_STRIP = NO;
				DEBUG_INFORMATION_FORMAT = "dwarf-with-dsym";
				ENABLE_NS_ASSERTIONS = NO;
				ENABLE_STRICT_OBJC_MSGSEND = YES;
				GCC_C_LANGUAGE_STANDARD = gnu11;
				GCC_NO_COMMON_BLOCKS = YES;
				GCC_WARN_64_TO_32_BIT_CONVERSION = YES;
				GCC_WARN_ABOUT_RETURN_TYPE = YES_ERROR;
				GCC_WARN_UNDECLARED_SELECTOR = YES;
				GCC_WARN_UNINITIALIZED_AUTOS = YES_AGGRESSIVE;
				GCC_WARN_UNUSED_FUNCTION = YES;
				GCC_WARN_UNUSED_VARIABLE = YES;
				IPHONEOS_DEPLOYMENT_TARGET = 16.1;
				MTL_ENABLE_DEBUG_INFO = NO;
				MTL_FAST_MATH = YES;
				SDKROOT = iphoneos;
				SWIFT_COMPILATION_MODE = wholemodule;
				SWIFT_OPTIMIZATION_LEVEL = "-O";
				VALIDATE_PRODUCT = YES;
			};
			name = Release;
		};
		278746EC2A08E8D3004704BB /* Debug */ = {
			isa = XCBuildConfiguration;
			buildSettings = {
				ASSETCATALOG_COMPILER_APPICON_NAME = AppIcon;
				ASSETCATALOG_COMPILER_GLOBAL_ACCENT_COLOR_NAME = AccentColor;
				CODE_SIGN_STYLE = Automatic;
				CURRENT_PROJECT_VERSION = 1;
				DEVELOPMENT_ASSET_PATHS = "\"ProtoApp/Preview Content\"";
				ENABLE_PREVIEWS = YES;
				GENERATE_INFOPLIST_FILE = YES;
				INFOPLIST_KEY_UIApplicationSceneManifest_Generation = YES;
				INFOPLIST_KEY_UIApplicationSupportsIndirectInputEvents = YES;
				INFOPLIST_KEY_UILaunchScreen_Generation = YES;
				INFOPLIST_KEY_UISupportedInterfaceOrientations_iPad = "UIInterfaceOrientationPortrait UIInterfaceOrientationPortraitUpsideDown UIInterfaceOrientationLandscapeLeft UIInterfaceOrientationLandscapeRight";
				INFOPLIST_KEY_UISupportedInterfaceOrientations_iPhone = "UIInterfaceOrientationPortrait UIInterfaceOrientationLandscapeLeft UIInterfaceOrientationLandscapeRight";
				LD_RUNPATH_SEARCH_PATHS = (
					"$(inherited)",
					"@executable_path/Frameworks",
				);
				MARKETING_VERSION = 1.0;
				PRODUCT_BUNDLE_IDENTIFIER = tamk.tuni.fi.ProtoApp;
				PRODUCT_NAME = "$(TARGET_NAME)";
				SWIFT_EMIT_LOC_STRINGS = YES;
				SWIFT_VERSION = 5.0;
				TARGETED_DEVICE_FAMILY = "1,2";
			};
			name = Debug;
		};
		278746ED2A08E8D3004704BB /* Release */ = {
			isa = XCBuildConfiguration;
			buildSettings = {
				ASSETCATALOG_COMPILER_APPICON_NAME = AppIcon;
				ASSETCATALOG_COMPILER_GLOBAL_ACCENT_COLOR_NAME = AccentColor;
				CODE_SIGN_STYLE = Automatic;
				CURRENT_PROJECT_VERSION = 1;
				DEVELOPMENT_ASSET_PATHS = "\"ProtoApp/Preview Content\"";
				ENABLE_PREVIEWS = YES;
				GENERATE_INFOPLIST_FILE = YES;
				INFOPLIST_KEY_UIApplicationSceneManifest_Generation = YES;
				INFOPLIST_KEY_UIApplicationSupportsIndirectInputEvents = YES;
				INFOPLIST_KEY_UILaunchScreen_Generation = YES;
				INFOPLIST_KEY_UISupportedInterfaceOrientations_iPad = "UIInterfaceOrientationPortrait UIInterfaceOrientationPortraitUpsideDown UIInterfaceOrientationLandscapeLeft UIInterfaceOrientationLandscapeRight";
				INFOPLIST_KEY_UISupportedInterfaceOrientations_iPhone = "UIInterfaceOrientationPortrait UIInterfaceOrientationLandscapeLeft UIInterfaceOrientationLandscapeRight";
				LD_RUNPATH_SEARCH_PATHS = (
					"$(inherited)",
					"@executable_path/Frameworks",
				);
				MARKETING_VERSION = 1.0;
				PRODUCT_BUNDLE_IDENTIFIER = tamk.tuni.fi.ProtoApp;
				PRODUCT_NAME = "$(TARGET_NAME)";
				SWIFT_EMIT_LOC_STRINGS = YES;
				SWIFT_VERSION = 5.0;
				TARGETED_DEVICE_FAMILY = "1,2";
			};
			name = Release;
		};
		278746EF2A08E8D3004704BB /* Debug */ = {
			isa = XCBuildConfiguration;
			buildSettings = {
				ALWAYS_EMBED_SWIFT_STANDARD_LIBRARIES = YES;
				BUNDLE_LOADER = "$(TEST_HOST)";
				CODE_SIGN_STYLE = Automatic;
				CURRENT_PROJECT_VERSION = 1;
				GENERATE_INFOPLIST_FILE = YES;
				IPHONEOS_DEPLOYMENT_TARGET = 16.1;
				MARKETING_VERSION = 1.0;
				PRODUCT_BUNDLE_IDENTIFIER = tamk.tuni.fi.ProtoAppTests;
				PRODUCT_NAME = "$(TARGET_NAME)";
				SWIFT_EMIT_LOC_STRINGS = NO;
				SWIFT_VERSION = 5.0;
				TARGETED_DEVICE_FAMILY = "1,2";
				TEST_HOST = "$(BUILT_PRODUCTS_DIR)/ProtoApp.app/$(BUNDLE_EXECUTABLE_FOLDER_PATH)/ProtoApp";
			};
			name = Debug;
		};
		278746F02A08E8D3004704BB /* Release */ = {
			isa = XCBuildConfiguration;
			buildSettings = {
				ALWAYS_EMBED_SWIFT_STANDARD_LIBRARIES = YES;
				BUNDLE_LOADER = "$(TEST_HOST)";
				CODE_SIGN_STYLE = Automatic;
				CURRENT_PROJECT_VERSION = 1;
				GENERATE_INFOPLIST_FILE = YES;
				IPHONEOS_DEPLOYMENT_TARGET = 16.1;
				MARKETING_VERSION = 1.0;
				PRODUCT_BUNDLE_IDENTIFIER = tamk.tuni.fi.ProtoAppTests;
				PRODUCT_NAME = "$(TARGET_NAME)";
				SWIFT_EMIT_LOC_STRINGS = NO;
				SWIFT_VERSION = 5.0;
				TARGETED_DEVICE_FAMILY = "1,2";
				TEST_HOST = "$(BUILT_PRODUCTS_DIR)/ProtoApp.app/$(BUNDLE_EXECUTABLE_FOLDER_PATH)/ProtoApp";
			};
			name = Release;
		};
		278746F22A08E8D3004704BB /* Debug */ = {
			isa = XCBuildConfiguration;
			buildSettings = {
				ALWAYS_EMBED_SWIFT_STANDARD_LIBRARIES = YES;
				CODE_SIGN_STYLE = Automatic;
				CURRENT_PROJECT_VERSION = 1;
				GENERATE_INFOPLIST_FILE = YES;
				MARKETING_VERSION = 1.0;
				PRODUCT_BUNDLE_IDENTIFIER = tamk.tuni.fi.ProtoAppUITests;
				PRODUCT_NAME = "$(TARGET_NAME)";
				SWIFT_EMIT_LOC_STRINGS = NO;
				SWIFT_VERSION = 5.0;
				TARGETED_DEVICE_FAMILY = "1,2";
				TEST_TARGET_NAME = ProtoApp;
			};
			name = Debug;
		};
		278746F32A08E8D3004704BB /* Release */ = {
			isa = XCBuildConfiguration;
			buildSettings = {
				ALWAYS_EMBED_SWIFT_STANDARD_LIBRARIES = YES;
				CODE_SIGN_STYLE = Automatic;
				CURRENT_PROJECT_VERSION = 1;
				GENERATE_INFOPLIST_FILE = YES;
				MARKETING_VERSION = 1.0;
				PRODUCT_BUNDLE_IDENTIFIER = tamk.tuni.fi.ProtoAppUITests;
				PRODUCT_NAME = "$(TARGET_NAME)";
				SWIFT_EMIT_LOC_STRINGS = NO;
				SWIFT_VERSION = 5.0;
				TARGETED_DEVICE_FAMILY = "1,2";
				TEST_TARGET_NAME = ProtoApp;
			};
			name = Release;
		};
/* End XCBuildConfiguration section */

/* Begin XCConfigurationList section */
		278746C22A08E8D1004704BB /* Build configuration list for PBXProject "ProtoApp" */ = {
			isa = XCConfigurationList;
			buildConfigurations = (
				278746E92A08E8D3004704BB /* Debug */,
				278746EA2A08E8D3004704BB /* Release */,
			);
			defaultConfigurationIsVisible = 0;
			defaultConfigurationName = Release;
		};
		278746EB2A08E8D3004704BB /* Build configuration list for PBXNativeTarget "ProtoApp" */ = {
			isa = XCConfigurationList;
			buildConfigurations = (
				278746EC2A08E8D3004704BB /* Debug */,
				278746ED2A08E8D3004704BB /* Release */,
			);
			defaultConfigurationIsVisible = 0;
			defaultConfigurationName = Release;
		};
		278746EE2A08E8D3004704BB /* Build configuration list for PBXNativeTarget "ProtoAppTests" */ = {
			isa = XCConfigurationList;
			buildConfigurations = (
				278746EF2A08E8D3004704BB /* Debug */,
				278746F02A08E8D3004704BB /* Release */,
			);
			defaultConfigurationIsVisible = 0;
			defaultConfigurationName = Release;
		};
		278746F12A08E8D3004704BB /* Build configuration list for PBXNativeTarget "ProtoAppUITests" */ = {
			isa = XCConfigurationList;
			buildConfigurations = (
				278746F22A08E8D3004704BB /* Debug */,
				278746F32A08E8D3004704BB /* Release */,
			);
			defaultConfigurationIsVisible = 0;
			defaultConfigurationName = Release;
		};
/* End XCConfigurationList section */

/* Begin XCRemoteSwiftPackageReference section */
		278746F42A08EA1F004704BB /* XCRemoteSwiftPackageReference "Alamofire" */ = {
			isa = XCRemoteSwiftPackageReference;
			repositoryURL = "https://github.com/Alamofire/Alamofire";
			requirement = {
				kind = upToNextMajorVersion;
				minimumVersion = 5.0.0;
			};
		};
/* End XCRemoteSwiftPackageReference section */

/* Begin XCSwiftPackageProductDependency section */
		278746F52A08EA1F004704BB /* Alamofire */ = {
			isa = XCSwiftPackageProductDependency;
			package = 278746F42A08EA1F004704BB /* XCRemoteSwiftPackageReference "Alamofire" */;
			productName = Alamofire;
		};
/* End XCSwiftPackageProductDependency section */
	};
	rootObject = 278746BF2A08E8D1004704BB /* Project object */;
}
